
Microsoft Visual Studio Solution File, Format Version 12.00
# Visual Studio 15
VisualStudioVersion = 15.0.27703.2018
MinimumVisualStudioVersion = 10.0.40219.1
Project("{FAE04EC0-301F-11D3-BF4B-00C04F79EFBC}") = "memory.reader", "memory.reader\memory.reader.csproj", "{0326A648-751D-41A1-A75D-B1CCF0825855}"
EndProject
Global
	GlobalSection(SolutionConfigurationPlatforms) = preSolution
		Debug|Any CPU = Debug|Any CPU
		Release|Any CPU = Release|Any CPU
	EndGlobalSection
	GlobalSection(ProjectConfigurationPlatforms) = postSolution
		{0326A648-751D-41A1-A75D-B1CCF0825855}.Debug|Any CPU.ActiveCfg = Debug|Any CPU
		{0326A648-751D-41A1-A75D-B1CCF0825855}.Debug|Any CPU.Build.0 = Debug|Any CPU
		{0326A648-751D-41A1-A75D-B1CCF0825855}.Release|Any CPU.ActiveCfg = Release|Any CPU
		{0326A648-751D-41A1-A75D-B1CCF0825855}.Release|Any CPU.Build.0 = Release|Any CPU
	EndGlobalSection
	GlobalSection(SolutionProperties) = preSolution
		HideSolutionNode = FALSE
	EndGlobalSection
	GlobalSection(ExtensibilityGlobals) = postSolution
		SolutionGuid = {1B713623-BD07-4F15-B741-C35F8CC6A230}
	EndGlobalSection
EndGlobal
